// !$*UTF8*$!
{
	archiveVersion = 1;
	classes = {
	};
	objectVersion = 50;
	objects = {

/* Begin PBXBuildFile section */
		5A453AD220F798C100EE79A4 /* AppDelegate.swift in Sources */ = {isa = PBXBuildFile; fileRef = 5A453AD120F798C100EE79A4 /* AppDelegate.swift */; };
		5A453AD420F798C200EE79A4 /* ViewController.swift in Sources */ = {isa = PBXBuildFile; fileRef = 5A453AD320F798C200EE79A4 /* ViewController.swift */; };
		5A453AD720F798C200EE79A4 /* Main.storyboard in Resources */ = {isa = PBXBuildFile; fileRef = 5A453AD520F798C200EE79A4 /* Main.storyboard */; };
		5A453AD920F798C400EE79A4 /* Assets.xcassets in Resources */ = {isa = PBXBuildFile; fileRef = 5A453AD820F798C400EE79A4 /* Assets.xcassets */; };
		5A453ADC20F798C400EE79A4 /* LaunchScreen.storyboard in Resources */ = {isa = PBXBuildFile; fileRef = 5A453ADA20F798C400EE79A4 /* LaunchScreen.storyboard */; };
		C513437B38C379694EBEEA9A /* Pods_Random_User.framework in Frameworks */ = {isa = PBXBuildFile; fileRef = FADFB3205E53354FBF20CFBA /* Pods_Random_User.framework */; };
/* End PBXBuildFile section */

/* Begin PBXFileReference section */
		5A453ACE20F798C100EE79A4 /* Random User.app */ = {isa = PBXFileReference; explicitFileType = wrapper.application; includeInIndex = 0; path = "Random User.app"; sourceTree = BUILT_PRODUCTS_DIR; };
		5A453AD120F798C100EE79A4 /* AppDelegate.swift */ = {isa = PBXFileReference; lastKnownFileType = sourcecode.swift; path = AppDelegate.swift; sourceTree = "<group>"; };
		5A453AD320F798C200EE79A4 /* ViewController.swift */ = {isa = PBXFileReference; lastKnownFileType = sourcecode.swift; path = ViewController.swift; sourceTree = "<group>"; };
		5A453AD620F798C200EE79A4 /* Base */ = {isa = PBXFileReference; lastKnownFileType = file.storyboard; name = Base; path = Base.lproj/Main.storyboard; sourceTree = "<group>"; };
		5A453AD820F798C400EE79A4 /* Assets.xcassets */ = {isa = PBXFileReference; lastKnownFileType = folder.assetcatalog; path = Assets.xcassets; sourceTree = "<group>"; };
		5A453ADB20F798C400EE79A4 /* Base */ = {isa = PBXFileReference; lastKnownFileType = file.storyboard; name = Base; path = Base.lproj/LaunchScreen.storyboard; sourceTree = "<group>"; };
		5A453ADD20F798C400EE79A4 /* Info.plist */ = {isa = PBXFileReference; lastKnownFileType = text.plist.xml; path = Info.plist; sourceTree = "<group>"; };
		9A3E4A3535395AB45E428531 /* Pods-Random User.release.xcconfig */ = {isa = PBXFileReference; includeInIndex = 1; lastKnownFileType = text.xcconfig; name = "Pods-Random User.release.xcconfig"; path = "Pods/Target Support Files/Pods-Random User/Pods-Random User.release.xcconfig"; sourceTree = "<group>"; };
		DD9FDFAC3C2D8D1BB0DD347B /* Pods-Random User.debug.xcconfig */ = {isa = PBXFileReference; includeInIndex = 1; lastKnownFileType = text.xcconfig; name = "Pods-Random User.debug.xcconfig"; path = "Pods/Target Support Files/Pods-Random User/Pods-Random User.debug.xcconfig"; sourceTree = "<group>"; };
		FADFB3205E53354FBF20CFBA /* Pods_Random_User.framework */ = {isa = PBXFileReference; explicitFileType = wrapper.framework; includeInIndex = 0; path = Pods_Random_User.framework; sourceTree = BUILT_PRODUCTS_DIR; };
/* End PBXFileReference section */

/* Begin PBXFrameworksBuildPhase section */
		5A453ACB20F798C100EE79A4 /* Frameworks */ = {
			isa = PBXFrameworksBuildPhase;
			buildActionMask = 2147483647;
			files = (
				C513437B38C379694EBEEA9A /* Pods_Random_User.framework in Frameworks */,
			);
			runOnlyForDeploymentPostprocessing = 0;
		};
/* End PBXFrameworksBuildPhase section */

/* Begin PBXGroup section */
		5A453AC520F798C100EE79A4 = {
			isa = PBXGroup;
			children = (
				5A453AD020F798C100EE79A4 /* Random User */,
				5A453ACF20F798C100EE79A4 /* Products */,
				DDC90410310ADF9DE31320CC /* Pods */,
				C43AA80657E7BA4C52B9CDA0 /* Frameworks */,
			);
			sourceTree = "<group>";
		};
		5A453ACF20F798C100EE79A4 /* Products */ = {
			isa = PBXGroup;
			children = (
				5A453ACE20F798C100EE79A4 /* Random User.app */,
			);
			name = Products;
			sourceTree = "<group>";
		};
		5A453AD020F798C100EE79A4 /* Random User */ = {
			isa = PBXGroup;
			children = (
				5A453AD120F798C100EE79A4 /* AppDelegate.swift */,
				5A453AD320F798C200EE79A4 /* ViewController.swift */,
				5A453AD520F798C200EE79A4 /* Main.storyboard */,
				5A453AD820F798C400EE79A4 /* Assets.xcassets */,
				5A453ADA20F798C400EE79A4 /* LaunchScreen.storyboard */,
				5A453ADD20F798C400EE79A4 /* Info.plist */,
			);
			path = "Random User";
			sourceTree = "<group>";
		};
		C43AA80657E7BA4C52B9CDA0 /* Frameworks */ = {
			isa = PBXGroup;
			children = (
				FADFB3205E53354FBF20CFBA /* Pods_Random_User.framework */,
			);
			name = Frameworks;
			sourceTree = "<group>";
		};
		DDC90410310ADF9DE31320CC /* Pods */ = {
			isa = PBXGroup;
			children = (
				DD9FDFAC3C2D8D1BB0DD347B /* Pods-Random User.debug.xcconfig */,
				9A3E4A3535395AB45E428531 /* Pods-Random User.release.xcconfig */,
			);
			name = Pods;
			sourceTree = "<group>";
		};
/* End PBXGroup section */

/* Begin PBXNativeTarget section */
		5A453ACD20F798C100EE79A4 /* Random User */ = {
			isa = PBXNativeTarget;
			buildConfigurationList = 5A453AE020F798C400EE79A4 /* Build configuration list for PBXNativeTarget "Random User" */;
			buildPhases = (
				2340E9F1815136E114BD79E8 /* [CP] Check Pods Manifest.lock */,
				5A453ACA20F798C100EE79A4 /* Sources */,
				5A453ACB20F798C100EE79A4 /* Frameworks */,
				5A453ACC20F798C100EE79A4 /* Resources */,
				D11C143D3E4101536309E1A6 /* [CP] Embed Pods Frameworks */,
			);
			buildRules = (
			);
			dependencies = (
			);
			name = "Random User";
			productName = "Random User";
			productReference = 5A453ACE20F798C100EE79A4 /* Random User.app */;
			productType = "com.apple.product-type.application";
		};
/* End PBXNativeTarget section */

/* Begin PBXProject section */
		5A453AC620F798C100EE79A4 /* Project object */ = {
			isa = PBXProject;
			attributes = {
				LastSwiftUpdateCheck = 0940;
				LastUpgradeCheck = 0940;
				ORGANIZATIONNAME = "Prasad Zamre";
				TargetAttributes = {
					5A453ACD20F798C100EE79A4 = {
						CreatedOnToolsVersion = 9.4.1;
					};
				};
			};
			buildConfigurationList = 5A453AC920F798C100EE79A4 /* Build configuration list for PBXProject "Random User" */;
			compatibilityVersion = "Xcode 9.3";
			developmentRegion = en;
			hasScannedForEncodings = 0;
			knownRegions = (
				en,
				Base,
			);
			mainGroup = 5A453AC520F798C100EE79A4;
			productRefGroup = 5A453ACF20F798C100EE79A4 /* Products */;
			projectDirPath = "";
			projectRoot = "";
			targets = (
				5A453ACD20F798C100EE79A4 /* Random User */,
			);
		};
/* End PBXProject section */

/* Begin PBXResourcesBuildPhase section */
		5A453ACC20F798C100EE79A4 /* Resources */ = {
			isa = PBXResourcesBuildPhase;
			buildActionMask = 2147483647;
			files = (
				5A453ADC20F798C400EE79A4 /* LaunchScreen.storyboard in Resources */,
				5A453AD920F798C400EE79A4 /* Assets.xcassets in Resources */,
				5A453AD720F798C200EE79A4 /* Main.storyboard in Resources */,
			);
			runOnlyForDeploymentPostprocessing = 0;
		};
/* End PBXResourcesBuildPhase section */

/* Begin PBXShellScriptBuildPhase section */
		2340E9F1815136E114BD79E8 /* [CP] Check Pods Manifest.lock */ = {
			isa = PBXShellScriptBuildPhase;
			buildActionMask = 2147483647;
			files = (
			);
			inputPaths = (
				"${PODS_PODFILE_DIR_PATH}/Podfile.lock",
				"${PODS_ROOT}/Manifest.lock",
			);
			name = "[CP] Check Pods Manifest.lock";
			outputPaths = (
				"$(DERIVED_FILE_DIR)/Pods-Random User-checkManifestLockResult.txt",
			);
			runOnlyForDeploymentPostprocessing = 0;
			shellPath = /bin/sh;
			shellScript = "diff \"${PODS_PODFILE_DIR_PATH}/Podfile.lock\" \"${PODS_ROOT}/Manifest.lock\" > /dev/null\nif [ $? != 0 ] ; then\n    # print error to STDERR\n    echo \"error: The sandbox is not in sync with the Podfile.lock. Run 'pod install' or update your CocoaPods installation.\" >&2\n    exit 1\nfi\n# This output is used by Xcode 'outputs' to avoid re-running this script phase.\necho \"SUCCESS\" > \"${SCRIPT_OUTPUT_FILE_0}\"\n";
			showEnvVarsInLog = 0;
		};
		D11C143D3E4101536309E1A6 /* [CP] Embed Pods Frameworks */ = {
			isa = PBXShellScriptBuildPhase;
			buildActionMask = 2147483647;
			files = (
			);
			inputPaths = (
				"${SRCROOT}/Pods/Target Support Files/Pods-Random User/Pods-Random User-frameworks.sh",
				"${BUILT_PRODUCTS_DIR}/Alamofire/Alamofire.framework",
				"${BUILT_PRODUCTS_DIR}/SwiftyJSON/SwiftyJSON.framework",
			);
			name = "[CP] Embed Pods Frameworks";
			outputPaths = (
				"${TARGET_BUILD_DIR}/${FRAMEWORKS_FOLDER_PATH}/Alamofire.framework",
				"${TARGET_BUILD_DIR}/${FRAMEWORKS_FOLDER_PATH}/SwiftyJSON.framework",
			);
			runOnlyForDeploymentPostprocessing = 0;
			shellPath = /bin/sh;
			shellScript = "\"${SRCROOT}/Pods/Target Support Files/Pods-Random User/Pods-Random User-frameworks.sh\"\n";
			showEnvVarsInLog = 0;
		};
/* End PBXShellScriptBuildPhase section */

/* Begin PBXSourcesBuildPhase section */
		5A453ACA20F798C100EE79A4 /* Sources */ = {
			isa = PBXSourcesBuildPhase;
			buildActionMask = 2147483647;
			files = (
				5A453AD420F798C200EE79A4 /* ViewController.swift in Sources */,
				5A453AD220F798C100EE79A4 /* AppDelegate.swift in Sources */,
			);
			runOnlyForDeploymentPostprocessing = 0;
		};
/* End PBXSourcesBuildPhase section */

/* Begin PBXVariantGroup section */
		5A453AD520F798C200EE79A4 /* Main.storyboard */ = {
			isa = PBXVariantGroup;
			children = (
				5A453AD620F798C200EE79A4 /* Base */,
			);
			name = Main.storyboard;
			sourceTree = "<group>";
		};
		5A453ADA20F798C400EE79A4 /* LaunchScreen.storyboard */ = {
			isa = PBXVariantGroup;
			children = (
				5A453ADB20F798C400EE79A4 /* Base */,
			);
			name = LaunchScreen.storyboard;
			sourceTree = "<group>";
		};
/* End PBXVariantGroup section */

/* Begin XCBuildConfiguration section */
		5A453ADE20F798C400EE79A4 /* Debug */ = {
			isa = XCBuildConfiguration;
			buildSettings = {
				ALWAYS_SEARCH_USER_PATHS = NO;
				CLANG_ANALYZER_NONNULL = YES;
				CLANG_ANALYZER_NUMBER_OBJECT_CONVERSION = YES_AGGRESSIVE;
				CLANG_CXX_LANGUAGE_STANDARD = "gnu++14";
				CLANG_CXX_LIBRARY = "libc++";
				CLANG_ENABLE_MODULES = YES;
				CLANG_ENABLE_OBJC_ARC = YES;
				CLANG_ENABLE_OBJC_WEAK = YES;
				CLANG_WARN_BLOCK_CAPTURE_AUTORELEASING = YES;
				CLANG_WARN_BOOL_CONVERSION = YES;
				CLANG_WARN_COMMA = YES;
				CLANG_WARN_CONSTANT_CONVERSION = YES;
				CLANG_WARN_DEPRECATED_OBJC_IMPLEMENTATIONS = YES;
				CLANG_WARN_DIRECT_OBJC_ISA_USAGE = YES_ERROR;
				CLANG_WARN_DOCUMENTATION_COMMENTS = YES;
				CLANG_WARN_EMPTY_BODY = YES;
				CLANG_WARN_ENUM_CONVERSION = YES;
				CLANG_WARN_INFINITE_RECURSION = YES;
				CLANG_WARN_INT_CONVERSION = YES;
				CLANG_WARN_NON_LITERAL_NULL_CONVERSION = YES;
				CLANG_WARN_OBJC_IMPLICIT_RETAIN_SELF = YES;
				CLANG_WARN_OBJC_LITERAL_CONVERSION = YES;
				CLANG_WARN_OBJC_ROOT_CLASS = YES_ERROR;
				CLANG_WARN_RANGE_LOOP_ANALYSIS = YES;
				CLANG_WARN_STRICT_PROTOTYPES = YES;
				CLANG_WARN_SUSPICIOUS_MOVE = YES;
				CLANG_WARN_UNGUARDED_AVAILABILITY = YES_AGGRESSIVE;
				CLANG_WARN_UNREACHABLE_CODE = YES;
				CLANG_WARN__DUPLICATE_METHOD_MATCH = YES;
				CODE_SIGN_IDENTITY = "iPhone Developer";
				COPY_PHASE_STRIP = NO;
				DEBUG_INFORMATION_FORMAT = dwarf;
				ENABLE_STRICT_OBJC_MSGSEND = YES;
				ENABLE_TESTABILITY = YES;
				GCC_C_LANGUAGE_STANDARD = gnu11;
				GCC_DYNAMIC_NO_PIC = NO;
				GCC_NO_COMMON_BLOCKS = YES;
				GCC_OPTIMIZATION_LEVEL = 0;
				GCC_PREPROCESSOR_DEFINITIONS = (
					"DEBUG=1",
					"$(inherited)",
				);
				GCC_WARN_64_TO_32_BIT_CONVERSION = YES;
				GCC_WARN_ABOUT_RETURN_TYPE = YES_ERROR;
				GCC_WARN_UNDECLARED_SELECTOR = YES;
				GCC_WARN_UNINITIALIZED_AUTOS = YES_AGGRESSIVE;
				GCC_WARN_UNUSED_FUNCTION = YES;
				GCC_WARN_UNUSED_VARIABLE = YES;
				IPHONEOS_DEPLOYMENT_TARGET = 11.4;
				MTL_ENABLE_DEBUG_INFO = YES;
				ONLY_ACTIVE_ARCH = YES;
				SDKROOT = iphoneos;
				SWIFT_ACTIVE_COMPILATION_CONDITIONS = DEBUG;
				SWIFT_OPTIMIZATION_LEVEL = "-Onone";
			};
			name = Debug;
		};
		5A453ADF20F798C400EE79A4 /* Release */ = {
			isa = XCBuildConfiguration;
			buildSettings = {
				ALWAYS_SEARCH_USER_PATHS = NO;
				CLANG_ANALYZER_NONNULL = YES;
				CLANG_ANALYZER_NUMBER_OBJECT_CONVERSION = YES_AGGRESSIVE;
				CLANG_CXX_LANGUAGE_STANDARD = "gnu++14";
				CLANG_CXX_LIBRARY = "libc++";
				CLANG_ENABLE_MODULES = YES;
				CLANG_ENABLE_OBJC_ARC = YES;
				CLANG_ENABLE_OBJC_WEAK = YES;
				CLANG_WARN_BLOCK_CAPTURE_AUTORELEASING = YES;
				CLANG_WARN_BOOL_CONVERSION = YES;
				CLANG_WARN_COMMA = YES;
				CLANG_WARN_CONSTANT_CONVERSION = YES;
				CLANG_WARN_DEPRECATED_OBJC_IMPLEMENTATIONS = YES;
				CLANG_WARN_DIRECT_OBJC_ISA_USAGE = YES_ERROR;
				CLANG_WARN_DOCUMENTATION_COMMENTS = YES;
				CLANG_WARN_EMPTY_BODY = YES;
				CLANG_WARN_ENUM_CONVERSION = YES;
				CLANG_WARN_INFINITE_RECURSION = YES;
				CLANG_WARN_INT_CONVERSION = YES;
				CLANG_WARN_NON_LITERAL_NULL_CONVERSION = YES;
				CLANG_WARN_OBJC_IMPLICIT_RETAIN_SELF = YES;
				CLANG_WARN_OBJC_LITERAL_CONVERSION = YES;
				CLANG_WARN_OBJC_ROOT_CLASS = YES_ERROR;
				CLANG_WARN_RANGE_LOOP_ANALYSIS = YES;
				CLANG_WARN_STRICT_PROTOTYPES = YES;
				CLANG_WARN_SUSPICIOUS_MOVE = YES;
				CLANG_WARN_UNGUARDED_AVAILABILITY = YES_AGGRESSIVE;
				CLANG_WARN_UNREACHABLE_CODE = YES;
				CLANG_WARN__DUPLICATE_METHOD_MATCH = YES;
				CODE_SIGN_IDENTITY = "iPhone Developer";
				COPY_PHASE_STRIP = NO;
				DEBUG_INFORMATION_FORMAT = "dwarf-with-dsym";
				ENABLE_NS_ASSERTIONS = NO;
				ENABLE_STRICT_OBJC_MSGSEND = YES;
				GCC_C_LANGUAGE_STANDARD = gnu11;
				GCC_NO_COMMON_BLOCKS = YES;
				GCC_WARN_64_TO_32_BIT_CONVERSION = YES;
				GCC_WARN_ABOUT_RETURN_TYPE = YES_ERROR;
				GCC_WARN_UNDECLARED_SELECTOR = YES;
				GCC_WARN_UNINITIALIZED_AUTOS = YES_AGGRESSIVE;
				GCC_WARN_UNUSED_FUNCTION = YES;
				GCC_WARN_UNUSED_VARIABLE = YES;
				IPHONEOS_DEPLOYMENT_TARGET = 11.4;
				MTL_ENABLE_DEBUG_INFO = NO;
				SDKROOT = iphoneos;
				SWIFT_COMPILATION_MODE = wholemodule;
				SWIFT_OPTIMIZATION_LEVEL = "-O";
				VALIDATE_PRODUCT = YES;
			};
			name = Release;
		};
		5A453AE120F798C400EE79A4 /* Debug */ = {
			isa = XCBuildConfiguration;
			baseConfigurationReference = DD9FDFAC3C2D8D1BB0DD347B /* Pods-Random User.debug.xcconfig */;
			buildSettings = {
				ASSETCATALOG_COMPILER_APPICON_NAME = AppIcon;
				CODE_SIGN_STYLE = Automatic;
				DEVELOPMENT_TEAM = 9YD5JBS37K;
				INFOPLIST_FILE = "Random User/Info.plist";
				LD_RUNPATH_SEARCH_PATHS = (
					"$(inherited)",
					"@executable_path/Frameworks",
				);
				PRODUCT_BUNDLE_IDENTIFIER = "com.prasad.Random-User";
				PRODUCT_NAME = "$(TARGET_NAME)";
				SWIFT_VERSION = 4.0;
				TARGETED_DEVICE_FAMILY = "1,2";
			};
			name = Debug;
		};
		5A453AE220F798C400EE79A4 /* Release */ = {
			isa = XCBuildConfiguration;
			baseConfigurationReference = 9A3E4A3535395AB45E428531 /* Pods-Random User.release.xcconfig */;
			buildSettings = {
				ASSETCATALOG_COMPILER_APPICON_NAME = AppIcon;
				CODE_SIGN_STYLE = Automatic;
				DEVELOPMENT_TEAM = 9YD5JBS37K;
				INFOPLIST_FILE = "Random User/Info.plist";
				LD_RUNPATH_SEARCH_PATHS = (
					"$(inherited)",
					"@executable_path/Frameworks",
				);
				PRODUCT_BUNDLE_IDENTIFIER = "com.prasad.Random-User";
				PRODUCT_NAME = "$(TARGET_NAME)";
				SWIFT_VERSION = 4.0;
				TARGETED_DEVICE_FAMILY = "1,2";
			};
			name = Release;
		};
/* End XCBuildConfiguration section */

/* Begin XCConfigurationList section */
		5A453AC920F798C100EE79A4 /* Build configuration list for PBXProject "Random User" */ = {
			isa = XCConfigurationList;
			buildConfigurations = (
				5A453ADE20F798C400EE79A4 /* Debug */,
				5A453ADF20F798C400EE79A4 /* Release */,
			);
			defaultConfigurationIsVisible = 0;
			defaultConfigurationName = Release;
		};
		5A453AE020F798C400EE79A4 /* Build configuration list for PBXNativeTarget "Random User" */ = {
			isa = XCConfigurationList;
			buildConfigurations = (
				5A453AE120F798C400EE79A4 /* Debug */,
				5A453AE220F798C400EE79A4 /* Release */,
			);
			defaultConfigurationIsVisible = 0;
			defaultConfigurationName = Release;
		};
/* End XCConfigurationList section */
	};
	rootObject = 5A453AC620F798C100EE79A4 /* Project object */;
}
